
Microsoft Visual Studio Solution File, Format Version 12.00
# Visual Studio 15
VisualStudioVersion = 15.0.28307.572
MinimumVisualStudioVersion = 10.0.40219.1
Project("{FAE04EC0-301F-11D3-BF4B-00C04F79EFBC}") = "jxsys", "hx\jxsys.csproj", "{C551838A-97E3-45B0-9D19-891773F560D9}"
EndProject
Global
	GlobalSection(SolutionConfigurationPlatforms) = preSolution
		Debug|Any CPU = Debug|Any CPU
		Release|Any CPU = Release|Any CPU
	EndGlobalSection
	GlobalSection(ProjectConfigurationPlatforms) = postSolution
		{C551838A-97E3-45B0-9D19-891773F560D9}.Debug|Any CPU.ActiveCfg = Debug|Any CPU
		{C551838A-97E3-45B0-9D19-891773F560D9}.Debug|Any CPU.Build.0 = Debug|Any CPU
		{C551838A-97E3-45B0-9D19-891773F560D9}.Release|Any CPU.ActiveCfg = Release|Any CPU
		{C551838A-97E3-45B0-9D19-891773F560D9}.Release|Any CPU.Build.0 = Release|Any CPU
	EndGlobalSection
	GlobalSection(SolutionProperties) = preSolution
		HideSolutionNode = FALSE
	EndGlobalSection
	GlobalSection(ExtensibilityGlobals) = postSolution
		SolutionGuid = {A5F73F28-CBC2-4BB2-99C3-9D203DBD5650}
	EndGlobalSection
EndGlobal
